
Microsoft Visual Studio Solution File, Format Version 9.00
# Visual Studio 2005
Project("{8BC9CEB8-8B4A-11D0-8D11-00A0C91BC942}") = "NSExtDragDrop", "NSExtDragDrop.vcproj", "{E033221D-0986-40D8-B9A3-E6583E0A39CC}"
EndProject
Global
	GlobalSection(SolutionConfigurationPlatforms) = preSolution
		Debug|Win32 = Debug|Win32
		Release|Win32 = Release|Win32
	EndGlobalSection
	GlobalSection(ProjectConfigurationPlatforms) = postSolution
		{E033221D-0986-40D8-B9A3-E6583E0A39CC}.Debug|Win32.ActiveCfg = Debug|Win32
		{E033221D-0986-40D8-B9A3-E6583E0A39CC}.Debug|Win32.Build.0 = Debug|Win32
		{E033221D-0986-40D8-B9A3-E6583E0A39CC}.Release|Win32.ActiveCfg = Release|Win32
		{E033221D-0986-40D8-B9A3-E6583E0A39CC}.Release|Win32.Build.0 = Release|Win32
	EndGlobalSection
	GlobalSection(SolutionProperties) = preSolution
		HideSolutionNode = FALSE
	EndGlobalSection
EndGlobal
